
Microsoft Visual Studio Solution File, Format Version 12.00
# Visual Studio Version 17
VisualStudioVersion = 17.4.33403.182
MinimumVisualStudioVersion = 10.0.40219.1
Project("{9A19103F-16F7-4668-BE54-9A1E7A4F7556}") = "DWIS.MicroState.SignalPlayBack", "DWIS.MicroState.SignalPlayBack\DWIS.MicroState.SignalPlayBack.csproj", "{81615D56-254F-4187-AC99-27E36330CFCA}"
EndProject
Project("{9A19103F-16F7-4668-BE54-9A1E7A4F7556}") = "DWIS.MicroState.Viewer", "DWIS.MicroState.Viewer\DWIS.MicroState.Viewer.csproj", "{2119D4BF-CAB4-4748-93A7-F16BD4131604}"
EndProject
Project("{9A19103F-16F7-4668-BE54-9A1E7A4F7556}") = "DWIS.MicroState.Model", "DWIS.MicroState.Model\DWIS.MicroState.Model.csproj", "{4BDFDB60-680A-4B11-889C-C2076F2044EB}"
EndProject
Project("{9A19103F-16F7-4668-BE54-9A1E7A4F7556}") = "DWIS.MicroState.JsonSD", "DWIS.MicroState.JsonSD\DWIS.MicroState.JsonSD.csproj", "{4D87F508-0F11-41D7-8C01-025A93A399A4}"
EndProject
Project("{9A19103F-16F7-4668-BE54-9A1E7A4F7556}") = "DWIS.MicroState.JsonCS", "DWIS.MicroState.JsonCS\DWIS.MicroState.JsonCS.csproj", "{851D5F09-2039-44AC-A2CA-E84090B165D1}"
EndProject
Project("{9A19103F-16F7-4668-BE54-9A1E7A4F7556}") = "DWIS.MicroState.ModelShared", "DWIS.MicroState.ModelShared\DWIS.MicroState.ModelShared.csproj", "{610B5B54-1BDC-40F1-8F76-6F875038CAEC}"
EndProject
Project("{9A19103F-16F7-4668-BE54-9A1E7A4F7556}") = "DWIS.MicroState.MQTTTopics", "DWIS.MicroState.MQTT\DWIS.MicroState.MQTTTopics.csproj", "{88714A6C-4225-4D67-967F-AD661A8E21B0}"
EndProject
Project("{9A19103F-16F7-4668-BE54-9A1E7A4F7556}") = "DWIS.MicroState.MQTTSignalReader", "DWIS.MicroState.MQTTSignalReader\DWIS.MicroState.MQTTSignalReader.csproj", "{135C8B3C-69E1-4AA4-A706-6F6E7FA3B18F}"
EndProject
Project("{9A19103F-16F7-4668-BE54-9A1E7A4F7556}") = "DWIS.MicroState.InterpretationEngine", "DWIS.MicroState.InterpretationEngine\DWIS.MicroState.InterpretationEngine.csproj", "{3C193114-0671-48CE-BE35-F10DD62C1272}"
EndProject
Project("{9A19103F-16F7-4668-BE54-9A1E7A4F7556}") = "DWIS.MicroState.SignalGenerator", "DWIS.MicroState.SignalGenerator\DWIS.MicroState.SignalGenerator.csproj", "{4BE6CC18-63BA-4760-B369-6DCCA8F15072}"
EndProject
Project("{2150E333-8FDC-42A3-9474-1A3956D46DE8}") = "Solution Items", "Solution Items", "{884B63D3-357C-482C-BCA7-C3B83C6E4B1E}"
	ProjectSection(SolutionItems) = preProject
		README.md = README.md
	EndProjectSection
EndProject
Project("{9A19103F-16F7-4668-BE54-9A1E7A4F7556}") = "DWIS.MicroState.Semantic.DeterministicState", "DWIS.MicroState.Semantic.DeterministicState\DWIS.MicroState.Semantic.DeterministicState.csproj", "{560C1C6F-C7E6-4649-A9A3-8FDB72A5CAD3}"
EndProject
Project("{9A19103F-16F7-4668-BE54-9A1E7A4F7556}") = "DWIS.MicroState.Semantic.ProbabilisticState", "DWIS.MicroState.Semantic.ProbabilisticState\DWIS.MicroState.Semantic.ProbabilisticState.csproj", "{6E008B98-8962-47A4-8F76-D69A942DA131}"
EndProject
Project("{FAE04EC0-301F-11D3-BF4B-00C04F79EFBC}") = "DWIS.MicroState.Semantic.RealtimeSignal", "DWIS.MicroState.Semantic.RealtimeSignal\DWIS.MicroState.Semantic.RealtimeSignal.csproj", "{332C8D88-DAB5-4E94-B58D-665D9470ECD4}"
EndProject
Project("{FAE04EC0-301F-11D3-BF4B-00C04F79EFBC}") = "DWIS.MicroState.Semantic.Threshold", "DWIS.MicroState.Semantic.Threshold\DWIS.MicroState.Semantic.Threshold.csproj", "{B06EF70A-EE53-4982-BB6C-C8A2DD9210AE}"
EndProject
Global
	GlobalSection(SolutionConfigurationPlatforms) = preSolution
		Debug|Any CPU = Debug|Any CPU
		Release|Any CPU = Release|Any CPU
	EndGlobalSection
	GlobalSection(ProjectConfigurationPlatforms) = postSolution
		{81615D56-254F-4187-AC99-27E36330CFCA}.Debug|Any CPU.ActiveCfg = Debug|Any CPU
		{81615D56-254F-4187-AC99-27E36330CFCA}.Debug|Any CPU.Build.0 = Debug|Any CPU
		{81615D56-254F-4187-AC99-27E36330CFCA}.Release|Any CPU.ActiveCfg = Release|Any CPU
		{81615D56-254F-4187-AC99-27E36330CFCA}.Release|Any CPU.Build.0 = Release|Any CPU
		{2119D4BF-CAB4-4748-93A7-F16BD4131604}.Debug|Any CPU.ActiveCfg = Debug|Any CPU
		{2119D4BF-CAB4-4748-93A7-F16BD4131604}.Debug|Any CPU.Build.0 = Debug|Any CPU
		{2119D4BF-CAB4-4748-93A7-F16BD4131604}.Release|Any CPU.ActiveCfg = Release|Any CPU
		{2119D4BF-CAB4-4748-93A7-F16BD4131604}.Release|Any CPU.Build.0 = Release|Any CPU
		{4BDFDB60-680A-4B11-889C-C2076F2044EB}.Debug|Any CPU.ActiveCfg = Debug|Any CPU
		{4BDFDB60-680A-4B11-889C-C2076F2044EB}.Debug|Any CPU.Build.0 = Debug|Any CPU
		{4BDFDB60-680A-4B11-889C-C2076F2044EB}.Release|Any CPU.ActiveCfg = Release|Any CPU
		{4BDFDB60-680A-4B11-889C-C2076F2044EB}.Release|Any CPU.Build.0 = Release|Any CPU
		{4D87F508-0F11-41D7-8C01-025A93A399A4}.Debug|Any CPU.ActiveCfg = Debug|Any CPU
		{4D87F508-0F11-41D7-8C01-025A93A399A4}.Debug|Any CPU.Build.0 = Debug|Any CPU
		{4D87F508-0F11-41D7-8C01-025A93A399A4}.Release|Any CPU.ActiveCfg = Release|Any CPU
		{4D87F508-0F11-41D7-8C01-025A93A399A4}.Release|Any CPU.Build.0 = Release|Any CPU
		{851D5F09-2039-44AC-A2CA-E84090B165D1}.Debug|Any CPU.ActiveCfg = Debug|Any CPU
		{851D5F09-2039-44AC-A2CA-E84090B165D1}.Debug|Any CPU.Build.0 = Debug|Any CPU
		{851D5F09-2039-44AC-A2CA-E84090B165D1}.Release|Any CPU.ActiveCfg = Release|Any CPU
		{851D5F09-2039-44AC-A2CA-E84090B165D1}.Release|Any CPU.Build.0 = Release|Any CPU
		{610B5B54-1BDC-40F1-8F76-6F875038CAEC}.Debug|Any CPU.ActiveCfg = Debug|Any CPU
		{610B5B54-1BDC-40F1-8F76-6F875038CAEC}.Debug|Any CPU.Build.0 = Debug|Any CPU
		{610B5B54-1BDC-40F1-8F76-6F875038CAEC}.Release|Any CPU.ActiveCfg = Release|Any CPU
		{610B5B54-1BDC-40F1-8F76-6F875038CAEC}.Release|Any CPU.Build.0 = Release|Any CPU
		{88714A6C-4225-4D67-967F-AD661A8E21B0}.Debug|Any CPU.ActiveCfg = Debug|Any CPU
		{88714A6C-4225-4D67-967F-AD661A8E21B0}.Debug|Any CPU.Build.0 = Debug|Any CPU
		{88714A6C-4225-4D67-967F-AD661A8E21B0}.Release|Any CPU.ActiveCfg = Release|Any CPU
		{88714A6C-4225-4D67-967F-AD661A8E21B0}.Release|Any CPU.Build.0 = Release|Any CPU
		{135C8B3C-69E1-4AA4-A706-6F6E7FA3B18F}.Debug|Any CPU.ActiveCfg = Debug|Any CPU
		{135C8B3C-69E1-4AA4-A706-6F6E7FA3B18F}.Debug|Any CPU.Build.0 = Debug|Any CPU
		{135C8B3C-69E1-4AA4-A706-6F6E7FA3B18F}.Release|Any CPU.ActiveCfg = Release|Any CPU
		{135C8B3C-69E1-4AA4-A706-6F6E7FA3B18F}.Release|Any CPU.Build.0 = Release|Any CPU
		{3C193114-0671-48CE-BE35-F10DD62C1272}.Debug|Any CPU.ActiveCfg = Debug|Any CPU
		{3C193114-0671-48CE-BE35-F10DD62C1272}.Debug|Any CPU.Build.0 = Debug|Any CPU
		{3C193114-0671-48CE-BE35-F10DD62C1272}.Release|Any CPU.ActiveCfg = Release|Any CPU
		{3C193114-0671-48CE-BE35-F10DD62C1272}.Release|Any CPU.Build.0 = Release|Any CPU
		{4BE6CC18-63BA-4760-B369-6DCCA8F15072}.Debug|Any CPU.ActiveCfg = Debug|Any CPU
		{4BE6CC18-63BA-4760-B369-6DCCA8F15072}.Debug|Any CPU.Build.0 = Debug|Any CPU
		{4BE6CC18-63BA-4760-B369-6DCCA8F15072}.Release|Any CPU.ActiveCfg = Release|Any CPU
		{4BE6CC18-63BA-4760-B369-6DCCA8F15072}.Release|Any CPU.Build.0 = Release|Any CPU
		{560C1C6F-C7E6-4649-A9A3-8FDB72A5CAD3}.Debug|Any CPU.ActiveCfg = Debug|Any CPU
		{560C1C6F-C7E6-4649-A9A3-8FDB72A5CAD3}.Debug|Any CPU.Build.0 = Debug|Any CPU
		{560C1C6F-C7E6-4649-A9A3-8FDB72A5CAD3}.Release|Any CPU.ActiveCfg = Release|Any CPU
		{560C1C6F-C7E6-4649-A9A3-8FDB72A5CAD3}.Release|Any CPU.Build.0 = Release|Any CPU
		{6E008B98-8962-47A4-8F76-D69A942DA131}.Debug|Any CPU.ActiveCfg = Debug|Any CPU
		{6E008B98-8962-47A4-8F76-D69A942DA131}.Debug|Any CPU.Build.0 = Debug|Any CPU
		{6E008B98-8962-47A4-8F76-D69A942DA131}.Release|Any CPU.ActiveCfg = Release|Any CPU
		{6E008B98-8962-47A4-8F76-D69A942DA131}.Release|Any CPU.Build.0 = Release|Any CPU
		{332C8D88-DAB5-4E94-B58D-665D9470ECD4}.Debug|Any CPU.ActiveCfg = Debug|Any CPU
		{332C8D88-DAB5-4E94-B58D-665D9470ECD4}.Debug|Any CPU.Build.0 = Debug|Any CPU
		{332C8D88-DAB5-4E94-B58D-665D9470ECD4}.Release|Any CPU.ActiveCfg = Release|Any CPU
		{332C8D88-DAB5-4E94-B58D-665D9470ECD4}.Release|Any CPU.Build.0 = Release|Any CPU
		{B06EF70A-EE53-4982-BB6C-C8A2DD9210AE}.Debug|Any CPU.ActiveCfg = Debug|Any CPU
		{B06EF70A-EE53-4982-BB6C-C8A2DD9210AE}.Debug|Any CPU.Build.0 = Debug|Any CPU
		{B06EF70A-EE53-4982-BB6C-C8A2DD9210AE}.Release|Any CPU.ActiveCfg = Release|Any CPU
		{B06EF70A-EE53-4982-BB6C-C8A2DD9210AE}.Release|Any CPU.Build.0 = Release|Any CPU
	EndGlobalSection
	GlobalSection(SolutionProperties) = preSolution
		HideSolutionNode = FALSE
	EndGlobalSection
	GlobalSection(ExtensibilityGlobals) = postSolution
		SolutionGuid = {C8BF2407-4C94-4A77-A7C4-A24A54D79BA3}
	EndGlobalSection
EndGlobal
